
Microsoft Visual Studio Solution File, Format Version 12.00
# Visual Studio Version 16
VisualStudioVersion = 16.0.29215.179
MinimumVisualStudioVersion = 10.0.40219.1
Project("{FAE04EC0-301F-11D3-BF4B-00C04F79EFBC}") = "PSQLCore.UI", "PSQLCore.UI\PSQLCore.UI.csproj", "{402175C9-5C52-4097-9A4C-C23525F3CF6E}"
EndProject
Project("{FAE04EC0-301F-11D3-BF4B-00C04F79EFBC}") = "PSQLCore.DAL", "PSQLCore.DAL\PSQLCore.DAL.csproj", "{70A03735-D8D4-4AAD-B94D-6AA6FA748CE8}"
EndProject
Project("{2150E333-8FDC-42A3-9474-1A3956D46DE8}") = "Documents", "Documents", "{022644AB-BADF-4065-B1B3-045C43F48305}"
	ProjectSection(SolutionItems) = preProject
		BeniOku.txt = BeniOku.txt
	EndProjectSection
EndProject
Global
	GlobalSection(SolutionConfigurationPlatforms) = preSolution
		Debug|Any CPU = Debug|Any CPU
		Release|Any CPU = Release|Any CPU
	EndGlobalSection
	GlobalSection(ProjectConfigurationPlatforms) = postSolution
		{402175C9-5C52-4097-9A4C-C23525F3CF6E}.Debug|Any CPU.ActiveCfg = Debug|Any CPU
		{402175C9-5C52-4097-9A4C-C23525F3CF6E}.Debug|Any CPU.Build.0 = Debug|Any CPU
		{402175C9-5C52-4097-9A4C-C23525F3CF6E}.Release|Any CPU.ActiveCfg = Release|Any CPU
		{402175C9-5C52-4097-9A4C-C23525F3CF6E}.Release|Any CPU.Build.0 = Release|Any CPU
		{70A03735-D8D4-4AAD-B94D-6AA6FA748CE8}.Debug|Any CPU.ActiveCfg = Debug|Any CPU
		{70A03735-D8D4-4AAD-B94D-6AA6FA748CE8}.Debug|Any CPU.Build.0 = Debug|Any CPU
		{70A03735-D8D4-4AAD-B94D-6AA6FA748CE8}.Release|Any CPU.ActiveCfg = Release|Any CPU
		{70A03735-D8D4-4AAD-B94D-6AA6FA748CE8}.Release|Any CPU.Build.0 = Release|Any CPU
	EndGlobalSection
	GlobalSection(SolutionProperties) = preSolution
		HideSolutionNode = FALSE
	EndGlobalSection
	GlobalSection(ExtensibilityGlobals) = postSolution
		SolutionGuid = {AD0380C8-891A-4EEA-9BFA-81E5C4FB0FB1}
	EndGlobalSection
EndGlobal
